symfony 3e9d937eb8fedb8a585559e04311ee9a39db421f
twig 5bba14970604a26469af90b605d10c716b3af411
monolog b704c49a3051536f67f2d39f13568f74615b9922
doctrine-common b886898821288d305862ee9c567cc5b5cbb4c0dc
doctrine-dbal ae358bd94ec09d7d3ad92ca7820e67825ad9e5f4
doctrine da0e3439aba4c8bf5e8a6ee4ccee5ce2624be8d1
swiftmailer 982b4c9498b7dd85e70f6d35e65d909c888e6345
assetic f829ad23d23c87480151a21faad49fefe7c09e5d
twig-extensions 446d870272cd87a720e95242eade38a2acf56eaa
metadata 8717ad2a5689480765d9ffafe925cd8a2457e582
SensioFrameworkExtraBundle 1eda94d838aa885e154f92f426df35f2252cdb92
JMSSecurityExtraBundle e752f888c51425f71382c056961f10f2be642102
SensioDistributionBundle 20b66a408084ad8752f98e50f10533f5245310bf
SensioGeneratorBundle 83b768a487a6878f2bc2ad6859bd61a3651a7885
AsseticBundle 41b5913b5086a0909af92adcb4a6005ee0051b16
gedmo-doctrine-extensions 015de8edd4024dd1aeddd95d969448ce931a6c66
DoctrineExtensionsBundle f141a698d65271a18d86469c1f7b29d7e24170dd
TinymceBundle a545e3e35d292cccf43494ec71f2bca2698dd435
doctrine-fixtures 7980ea20b3c6e5104241acb430e4822b8bc402ae
DoctrineFixturesBundle a66be2f077f3a4e5c3801b356b42b8782f1abbd6
Imagine 21f9d0b76e435591f32c8508e6c53637e03a3b5e
AvalancheImagineBundle 5b1b09bebe0b3a3499a629b8a6fa907f8063d568
FOSUserBundle b3dc5faf0017a621537dd5ec44047be5ad5bb82e
KnpMenu 724511a46a0b8978986ff2b2bfa8712fba3f5bbb
KnpMenuBundle f3a73c821ee1eea8326e1a46dc3316bb62be55f9
PagerFanta c490684def33e992241e7fad33bcbd03d9d18643
WhiteOctoberPagerfantaBundle 40209ef994fa2f342660d96bf6bea3f88171cd2d
SimpleCatalogBundle 082a7bdf48ffc4bd895538ac83f9cf8cd70d290e
ScGeoExtBundle d111a00bdb753341dd3961a27a01e75009b7f2d6
ScHousingExtBundle ffc7af7bbbcbf3f728fcaefa76bc29a0c75abe93
ScUserBundle 73843c15b3604e06acfec13452dd178c3f25ef4a
ScThemeBundle f6ca1479dd65ab7916cf706f82392e7bdcf49841